{
  "name": "y",
  "version": "y",
  "lockfileVersion": 3,
  "requires": true,
  "packages": {
    "": {
      "name": "y",
      "version": "y",
      "license": "MIT",
      "dependencies": {
        "@polkadot/api": "^10.0.1",
        "@polkadot/util": "^11.0.1"
      }
    },
    "node_modules/@noble/hashes": {
      "version": "1.3.0",
      "resolved": "https://registry.npmjs.org/@noble/hashes/-/hashes-1.3.0.tgz",
      "integrity": "sha512-ilHEACi9DwqJB0pw7kv+Apvh50jiiSyR/cQ3y4W7lOR5mhvn/50FLUfsnfJz0BDZtl/RR16kXvptiv6q1msYZg==",
      "funding": [
        {
          "type": "individual",
          "url": "https://paulmillr.com/funding/"
        }
      ],
      "license": "MIT"
    },
    "node_modules/@noble/secp256k1": {
      "version": "1.7.1",
      "resolved": "https://registry.npmjs.org/@noble/secp256k1/-/secp256k1-1.7.1.tgz",
      "integrity": "sha512-hOUk6AyBFmqVrv7k5WAw/LpszxVbj9gGN4JRkIX52fdFAj1UA61KXmZDvqVEm+pOyec3+fIeZB02LYa/pWOArw==",
      "funding": [
        {
          "type": "individual",
          "url": "https://paulmillr.com/funding/"
        }
      ],
      "license": "MIT"
    },
    "node_modules/@polkadot/api": {
      "version": "10.0.1",
      "resolved": "https://registry.npmjs.org/@polkadot/api/-/api-10.0.1.tgz",
      "integrity": "sha512-XDJwGqtnFKWlY2kEGOCOAFhczgUxwNZ553zVbmkR65eK4gVlCwIMHLkU/rPlPf/QShrTCZXQhaS/HwIXeFHIvw==",
      "license": "Apache-2.0",
      "dependencies": {
        "@polkadot/api-augment": "10.0.1",
        "@polkadot/api-base": "10.0.1",
        "@polkadot/api-derive": "10.0.1",
        "@polkadot/keyring": "^11.0.1",
        "@polkadot/rpc-augment": "10.0.1",
        "@polkadot/rpc-core": "10.0.1",
        "@polkadot/rpc-provider": "10.0.1",
        "@polkadot/types": "10.0.1",
        "@polkadot/types-augment": "10.0.1",
        "@polkadot/types-codec": "10.0.1",
        "@polkadot/types-create": "10.0.1",
        "@polkadot/types-known": "10.0.1",
        "@polkadot/util": "^11.0.1",
        "@polkadot/util-crypto": "^11.0.1",
        "eventemitter3": "^5.0.0",
        "rxjs": "^7.8.0",
        "tslib": "^2.5.0"
      },
      "engines": {
        "node": ">=14.0.0"
      }
    },
    "node_modules/@polkadot/api-augment": {
      "version": "10.0.1",
      "resolved": "https://registry.npmjs.org/@polkadot/api-augment/-/api-augment-10.0.1.tgz",
      "integrity": "sha512-VOMkUurEZ/r27Sx5zeGACApm4wLZx5bsxo8sWxaVE1enZvob1JpzGuN12rTlMr0ej4Az8BxvlGbcT3fQYw275Q==",
      "license": "Apache-2.0",
      "dependencies": {
        "@polkadot/api-base": "10.0.1",
        "@polkadot/rpc-augment": "10.0.1",
        "@polkadot/types": "10.0.1",
        "@polkadot/types-augment": "10.0.1",
        "@polkadot/types-codec": "10.0.1",
        "@polkadot/util": "^11.0.1",
        "tslib": "^2.5.0"
      },
      "engines": {
        "node": ">=14.0.0"
      }
    },
    "node_modules/@polkadot/api-base": {
      "version": "10.0.1",
      "resolved": "https://registry.npmjs.org/@polkadot/api-base/-/api-base-10.0.1.tgz",
      "integrity": "sha512-yuCgHYQU7Tn32I4sNk5Qb/OwB85ICXCfWja95watbEP6os601IllI6s7JhFx3G4fjvfI94DzewOnOhhBHt+2SA==",
      "license": "Apache-2.0",
      "dependencies": {
        "@polkadot/rpc-core": "10.0.1",
        "@polkadot/types": "10.0.1",
        "@polkadot/util": "^11.0.1",
        "rxjs": "^7.8.0",
        "tslib": "^2.5.0"
      },
      "engines": {
        "node": ">=14.0.0"
      }
    },
    "node_modules/@polkadot/api-derive": {
      "version": "10.0.1",
      "resolved": "https://registry.npmjs.org/@polkadot/api-derive/-/api-derive-10.0.1.tgz",
      "integrity": "sha512-btiE/ATJybKqBBYQvjujXZ+WrMfzwNvKRGI84cbEYnX4OHIo47O/v+zGQ2nUhbOfcJFa8FBU6dB9fMTBRl2R5g==",
      "license": "Apache-2.0",
      "dependencies": {
        "@polkadot/api": "10.0.1",
        "@polkadot/api-augment": "10.0.1",
        "@polkadot/api-base": "10.0.1",
        "@polkadot/rpc-core": "10.0.1",
        "@polkadot/types": "10.0.1",
        "@polkadot/types-codec": "10.0.1",
        "@polkadot/util": "^11.0.1",
        "@polkadot/util-crypto": "^11.0.1",
        "rxjs": "^7.8.0",
        "tslib": "^2.5.0"
      },
      "engines": {
        "node": ">=14.0.0"
      }
    },
    "node_modules/@polkadot/keyring": {
      "version": "11.1.3",
      "resolved": "https://registry.npmjs.org/@polkadot/keyring/-/keyring-11.1.3.tgz",
      "integrity": "sha512-bzGz1cWDYK7MWhp0630W6KOwTC/wsvKKHBvWxReMT7iQwFHeLn5AemUOveqIPxF+esd/UfdN5aFDHApjYcyZsg==",
      "license": "Apache-2.0",
      "dependencies": {
        "@polkadot/util": "11.1.3",
        "@polkadot/util-crypto": "11.1.3",
        "tslib": "^2.5.0"
      },
      "engines": {
        "node": ">=14"
      },
      "peerDependencies": {
        "@polkadot/util": "11.1.3",
        "@polkadot/util-crypto": "11.1.3"
      }
    },
    "node_modules/@polkadot/keyring/node_modules/@polkadot/util": {
      "version": "11.1.3",
      "resolved": "https://registry.npmjs.org/@polkadot/util/-/util-11.1.3.tgz",
      "integrity": "sha512-Gsqzv1/fSoypS5tnJkM+NJQeT7O4iYlSniubUJnaZVOKsIbueTS1bMQ1y3/h8ISxbKBtICW5cZ6zCej6Q/jC3w==",
      "license": "Apache-2.0",
      "dependencies": {
        "@polkadot/x-bigint": "11.1.3",
        "@polkadot/x-global": "11.1.3",
        "@polkadot/x-textdecoder": "11.1.3",
        "@polkadot/x-textencoder": "11.1.3",
        "@types/bn.js": "^5.1.1",
        "bn.js": "^5.2.1",
        "tslib": "^2.5.0"
      },
      "engines": {
        "node": ">=14"
      }
    },
    "node_modules/@polkadot/keyring/node_modules/@polkadot/x-textdecoder": {
      "version": "11.1.3",
      "resolved": "https://registry.npmjs.org/@polkadot/x-textdecoder/-/x-textdecoder-11.1.3.tgz",
      "integrity": "sha512-NhOjuXVfYRMw9l0VhCtZOtcWefZth58p5KpVOrFyJZd12fTsoMO5/746K7QoAjWRrLQTJ/LHCEKCtWww0LwVPw==",
      "license": "Apache-2.0",
      "dependencies": {
        "@polkadot/x-global": "11.1.3",
        "tslib": "^2.5.0"
      },
      "engines": {
        "node": ">=14"
      }
    },
    "node_modules/@polkadot/keyring/node_modules/@polkadot/x-textencoder": {
      "version": "11.1.3",
      "resolved": "https://registry.npmjs.org/@polkadot/x-textencoder/-/x-textencoder-11.1.3.tgz",
      "integrity": "sha512-7DmqjlPN8aQexLUKwoHeadihpUnW8hjpXEru+aEDxjgq9XIxPvb++NeBK+Mra9RzzZRuiT/K5z16HlwKN//ewg==",
      "license": "Apache-2.0",
      "dependencies": {
        "@polkadot/x-global": "11.1.3",
        "tslib": "^2.5.0"
      },
      "engines": {
        "node": ">=14"
      }
    },
    "node_modules/@polkadot/networks": {
      "version": "11.1.3",
      "resolved": "https://registry.npmjs.org/@polkadot/networks/-/networks-11.1.3.tgz",
      "integrity": "sha512-goLpX9SswAGGeh1jXB79wHEfWOF5rLIItMHYalujBmhQVxyAqbxP2tzQqPQXDLcnkWbgwkyYGLXaDD72GBqHZw==",
      "license": "Apache-2.0",
      "dependencies": {
        "@polkadot/util": "11.1.3",
        "@substrate/ss58-registry": "^1.39.0",
        "tslib": "^2.5.0"
      },
      "engines": {
        "node": ">=14"
      }
    },
    "node_modules/@polkadot/networks/node_modules/@polkadot/util": {
      "version": "11.1.3",
      "resolved": "https://registry.npmjs.org/@polkadot/util/-/util-11.1.3.tgz",
      "integrity": "sha512-Gsqzv1/fSoypS5tnJkM+NJQeT7O4iYlSniubUJnaZVOKsIbueTS1bMQ1y3/h8ISxbKBtICW5cZ6zCej6Q/jC3w==",
      "license": "Apache-2.0",
      "dependencies": {
        "@polkadot/x-bigint": "11.1.3",
        "@polkadot/x-global": "11.1.3",
        "@polkadot/x-textdecoder": "11.1.3",
        "@polkadot/x-textencoder": "11.1.3",
        "@types/bn.js": "^5.1.1",
        "bn.js": "^5.2.1",
        "tslib": "^2.5.0"
      },
      "engines": {
        "node": ">=14"
      }
    },
    "node_modules/@polkadot/networks/node_modules/@polkadot/x-textdecoder": {
      "version": "11.1.3",
      "resolved": "https://registry.npmjs.org/@polkadot/x-textdecoder/-/x-textdecoder-11.1.3.tgz",
      "integrity": "sha512-NhOjuXVfYRMw9l0VhCtZOtcWefZth58p5KpVOrFyJZd12fTsoMO5/746K7QoAjWRrLQTJ/LHCEKCtWww0LwVPw==",
      "license": "Apache-2.0",
      "dependencies": {
        "@polkadot/x-global": "11.1.3",
        "tslib": "^2.5.0"
      },
      "engines": {
        "node": ">=14"
      }
    },
    "node_modules/@polkadot/networks/node_modules/@polkadot/x-textencoder": {
      "version": "11.1.3",
      "resolved": "https://registry.npmjs.org/@polkadot/x-textencoder/-/x-textencoder-11.1.3.tgz",
      "integrity": "sha512-7DmqjlPN8aQexLUKwoHeadihpUnW8hjpXEru+aEDxjgq9XIxPvb++NeBK+Mra9RzzZRuiT/K5z16HlwKN//ewg==",
      "license": "Apache-2.0",
      "dependencies": {
        "@polkadot/x-global": "11.1.3",
        "tslib": "^2.5.0"
      },
      "engines": {
        "node": ">=14"
      }
    },
    "node_modules/@polkadot/rpc-augment": {
      "version": "10.0.1",
      "resolved": "https://registry.npmjs.org/@polkadot/rpc-augment/-/rpc-augment-10.0.1.tgz",
      "integrity": "sha512-DZK4V99qIhtSS9gaYL5BjsFoa5DxIunO3emxvc5V0jm3o5ZNejGDwRCZNL/atIt5tGyjosU6cYMmVvvgLuQbzg==",
      "license": "Apache-2.0",
      "dependencies": {
        "@polkadot/rpc-core": "10.0.1",
        "@polkadot/types": "10.0.1",
        "@polkadot/types-codec": "10.0.1",
        "@polkadot/util": "^11.0.1",
        "tslib": "^2.5.0"
      },
      "engines": {
        "node": ">=14.0.0"
      }
    },
    "node_modules/@polkadot/rpc-core": {
      "version": "10.0.1",
      "resolved": "https://registry.npmjs.org/@polkadot/rpc-core/-/rpc-core-10.0.1.tgz",
      "integrity": "sha512-HuWFttfQknSfB0Xff+svDP1rba5cwLyOhJ4EDPxz2QcyChTdOCzHBymD9GLKZJEaGp+IT4VOcUPwLDMml1TG1A==",
      "license": "Apache-2.0",
      "dependencies": {
        "@polkadot/rpc-augment": "10.0.1",
        "@polkadot/rpc-provider": "10.0.1",
        "@polkadot/types": "10.0.1",
        "@polkadot/util": "^11.0.1",
        "rxjs": "^7.8.0",
        "tslib": "^2.5.0"
      },
      "engines": {
        "node": ">=14.0.0"
      }
    },
    "node_modules/@polkadot/rpc-provider": {
      "version": "10.0.1",
      "resolved": "https://registry.npmjs.org/@polkadot/rpc-provider/-/rpc-provider-10.0.1.tgz",
      "integrity": "sha512-kv6uShbKgBZtoRcsxTVxpzkjRUqcd/cctG0lEqpy2BZU8koCnSu3XhooifcTm8jO17EUuC4Mm/wfM0DQKmojmQ==",
      "license": "Apache-2.0",
      "dependencies": {
        "@polkadot/keyring": "^11.0.1",
        "@polkadot/types": "10.0.1",
        "@polkadot/types-support": "10.0.1",
        "@polkadot/util": "^11.0.1",
        "@polkadot/util-crypto": "^11.0.1",
        "@polkadot/x-fetch": "^11.0.1",
        "@polkadot/x-global": "^11.0.1",
        "@polkadot/x-ws": "^11.0.1",
        "eventemitter3": "^5.0.0",
        "mock-socket": "^9.2.1",
        "nock": "^13.3.0",
        "tslib": "^2.5.0"
      },
      "engines": {
        "node": ">=14.0.0"
      },
      "optionalDependencies": {
        "@substrate/connect": "0.7.20"
      }
    },
    "node_modules/@polkadot/types": {
      "version": "10.0.1",
      "resolved": "https://registry.npmjs.org/@polkadot/types/-/types-10.0.1.tgz",
      "integrity": "sha512-/ALKLIWulXJrK/nNEY8iXByZRwaq1uQiRzzFqwWgfGpnLVCHYljV5ZEi3QqeDjGJzywQYxqJB+bJSiUe0+iNvg==",
      "license": "Apache-2.0",
      "dependencies": {
        "@polkadot/keyring": "^11.0.1",
        "@polkadot/types-augment": "10.0.1",
        "@polkadot/types-codec": "10.0.1",
        "@polkadot/types-create": "10.0.1",
        "@polkadot/util": "^11.0.1",
        "@polkadot/util-crypto": "^11.0.1",
        "rxjs": "^7.8.0",
        "tslib": "^2.5.0"
      },
      "engines": {
        "node": ">=14.0.0"
      }
    },
    "node_modules/@polkadot/types-augment": {
      "version": "10.0.1",
      "resolved": "https://registry.npmjs.org/@polkadot/types-augment/-/types-augment-10.0.1.tgz",
      "integrity": "sha512-PK7CmZwamJiqIIuyeEfV2a1KsEKAuviTH7DkDZWb1aH8495hNkKx88JeTwotjTG6xrkaFZcEqF7UbhXCQs2zOA==",
      "license": "Apache-2.0",
      "dependencies": {
        "@polkadot/types": "10.0.1",
        "@polkadot/types-codec": "10.0.1",
        "@polkadot/util": "^11.0.1",
        "tslib": "^2.5.0"
      },
      "engines": {
        "node": ">=14.0.0"
      }
    },
    "node_modules/@polkadot/types-codec": {
      "version": "10.0.1",
      "resolved": "https://registry.npmjs.org/@polkadot/types-codec/-/types-codec-10.0.1.tgz",
      "integrity": "sha512-RrrEuc6PZID/VvIH+eZ6aqvpx7kjbFD58nsb/8ZQR57352EP4tVvR3arHsqh6j2WiM62uJ3zKT/rL8bCYVHjIw==",
      "license": "Apache-2.0",
      "dependencies": {
        "@polkadot/util": "^11.0.1",
        "@polkadot/x-bigint": "^11.0.1",
        "tslib": "^2.5.0"
      },
      "engines": {
        "node": ">=14.0.0"
      }
    },
    "node_modules/@polkadot/types-create": {
      "version": "10.0.1",
      "resolved": "https://registry.npmjs.org/@polkadot/types-create/-/types-create-10.0.1.tgz",
      "integrity": "sha512-Sr4BmswhFGj09e727XeS4nOnrvkWwWSSaXAwLenwVOCK9UaevYw+jmc28HcYypL5+i8kT4jKyU+1av7UtJyOzg==",
      "license": "Apache-2.0",
      "dependencies": {
        "@polkadot/types-codec": "10.0.1",
        "@polkadot/util": "^11.0.1",
        "tslib": "^2.5.0"
      },
      "engines": {
        "node": ">=14.0.0"
      }
    },
    "node_modules/@polkadot/types-known": {
      "version": "10.0.1",
      "resolved": "https://registry.npmjs.org/@polkadot/types-known/-/types-known-10.0.1.tgz",
      "integrity": "sha512-GoHnDS1yKwLmsEQX7xjcMNR5SvaszxGV7E5Jkgl16VOF3QmO13Vs19jz1bdyv4Dw6soKFI5XAUEJY9PoA0DDMg==",
      "license": "Apache-2.0",
      "dependencies": {
        "@polkadot/networks": "^11.0.1",
        "@polkadot/types": "10.0.1",
        "@polkadot/types-codec": "10.0.1",
        "@polkadot/types-create": "10.0.1",
        "@polkadot/util": "^11.0.1",
        "tslib": "^2.5.0"
      },
      "engines": {
        "node": ">=14.0.0"
      }
    },
    "node_modules/@polkadot/types-support": {
      "version": "10.0.1",
      "resolved": "https://registry.npmjs.org/@polkadot/types-support/-/types-support-10.0.1.tgz",
      "integrity": "sha512-J5i4BM08/HZGBNQhN2X29eWPS8+Ie7n6O8L0y8IZ3rS0hkXU1V2SFd9X4LO8ADPGvT3JvPpQKESsq0f/Z5UbYQ==",
      "license": "Apache-2.0",
      "dependencies": {
        "@polkadot/util": "^11.0.1",
        "tslib": "^2.5.0"
      },
      "engines": {
        "node": ">=14.0.0"
      }
    },
    "node_modules/@polkadot/util": {
      "version": "11.0.1",
      "resolved": "https://registry.npmjs.org/@polkadot/util/-/util-11.0.1.tgz",
      "integrity": "sha512-IMk3hPxIGzlAW6fhOigVPMvaW0E+dTMzO1IKnEATdhAJFKjaqU4K9Pwj79fj93xgM5Y8PkHV5sUPJKuce+u+4A==",
      "license": "Apache-2.0",
      "dependencies": {
        "@polkadot/x-bigint": "11.0.1",
        "@polkadot/x-global": "11.0.1",
        "@polkadot/x-textdecoder": "11.0.1",
        "@polkadot/x-textencoder": "11.0.1",
        "@types/bn.js": "^5.1.1",
        "bn.js": "^5.2.1",
        "tslib": "^2.5.0"
      },
      "engines": {
        "node": ">=14.0.0"
      }
    },
    "node_modules/@polkadot/util-crypto": {
      "version": "11.1.3",
      "resolved": "https://registry.npmjs.org/@polkadot/util-crypto/-/util-crypto-11.1.3.tgz",
      "integrity": "sha512-hjH1y6jXQuceJ2NWx7+ei0sR4A7t844XwlNquPxZX3kQbQS+1t6tO4Eo3/95JhPsEaJOXduus02cYEF6gteEYQ==",
      "license": "Apache-2.0",
      "dependencies": {
        "@noble/hashes": "1.3.0",
        "@noble/secp256k1": "1.7.1",
        "@polkadot/networks": "11.1.3",
        "@polkadot/util": "11.1.3",
        "@polkadot/wasm-crypto": "^7.0.3",
        "@polkadot/x-bigint": "11.1.3",
        "@polkadot/x-randomvalues": "11.1.3",
        "@scure/base": "1.1.1",
        "tslib": "^2.5.0",
        "tweetnacl": "^1.0.3"
      },
      "engines": {
        "node": ">=14"
      },
      "peerDependencies": {
        "@polkadot/util": "11.1.3"
      }
    },
    "node_modules/@polkadot/util-crypto/node_modules/@polkadot/util": {
      "version": "11.1.3",
      "resolved": "https://registry.npmjs.org/@polkadot/util/-/util-11.1.3.tgz",
      "integrity": "sha512-Gsqzv1/fSoypS5tnJkM+NJQeT7O4iYlSniubUJnaZVOKsIbueTS1bMQ1y3/h8ISxbKBtICW5cZ6zCej6Q/jC3w==",
      "license": "Apache-2.0",
      "dependencies": {
        "@polkadot/x-bigint": "11.1.3",
        "@polkadot/x-global": "11.1.3",
        "@polkadot/x-textdecoder": "11.1.3",
        "@polkadot/x-textencoder": "11.1.3",
        "@types/bn.js": "^5.1.1",
        "bn.js": "^5.2.1",
        "tslib": "^2.5.0"
      },
      "engines": {
        "node": ">=14"
      }
    },
    "node_modules/@polkadot/util-crypto/node_modules/@polkadot/x-textdecoder": {
      "version": "11.1.3",
      "resolved": "https://registry.npmjs.org/@polkadot/x-textdecoder/-/x-textdecoder-11.1.3.tgz",
      "integrity": "sha512-NhOjuXVfYRMw9l0VhCtZOtcWefZth58p5KpVOrFyJZd12fTsoMO5/746K7QoAjWRrLQTJ/LHCEKCtWww0LwVPw==",
      "license": "Apache-2.0",
      "dependencies": {
        "@polkadot/x-global": "11.1.3",
        "tslib": "^2.5.0"
      },
      "engines": {
        "node": ">=14"
      }
    },
    "node_modules/@polkadot/util-crypto/node_modules/@polkadot/x-textencoder": {
      "version": "11.1.3",
      "resolved": "https://registry.npmjs.org/@polkadot/x-textencoder/-/x-textencoder-11.1.3.tgz",
      "integrity": "sha512-7DmqjlPN8aQexLUKwoHeadihpUnW8hjpXEru+aEDxjgq9XIxPvb++NeBK+Mra9RzzZRuiT/K5z16HlwKN//ewg==",
      "license": "Apache-2.0",
      "dependencies": {
        "@polkadot/x-global": "11.1.3",
        "tslib": "^2.5.0"
      },
      "engines": {
        "node": ">=14"
      }
    },
    "node_modules/@polkadot/util/node_modules/@polkadot/x-bigint": {
      "version": "11.0.1",
      "resolved": "https://registry.npmjs.org/@polkadot/x-bigint/-/x-bigint-11.0.1.tgz",
      "integrity": "sha512-/Sbl5seEG5F7og6UsjYi+V7/LrVw5cRoXhs3oEv8MFh5yIzCXaTO8vLd06PHLkNwBUvEBtfrbhuVYi+FDTAP0g==",
      "license": "Apache-2.0",
      "dependencies": {
        "@polkadot/x-global": "11.0.1",
        "tslib": "^2.5.0"
      },
      "engines": {
        "node": ">=14.0.0"
      }
    },
    "node_modules/@polkadot/util/node_modules/@polkadot/x-global": {
      "version": "11.0.1",
      "resolved": "https://registry.npmjs.org/@polkadot/x-global/-/x-global-11.0.1.tgz",
      "integrity": "sha512-K14xREFEH1OqFcoD8cabByuqarX0NRz/iUlYcUv2Xgs+CCk6xfgdjCbFFoTHH5bzNqIJrrEjAbOn3zL4Xm1W4g==",
      "license": "Apache-2.0",
      "dependencies": {
        "tslib": "^2.5.0"
      },
      "engines": {
        "node": ">=14.0.0"
      }
    },
    "node_modules/@polkadot/wasm-bridge": {
      "version": "7.4.1",
      "resolved": "https://registry.npmjs.org/@polkadot/wasm-bridge/-/wasm-bridge-7.4.1.tgz",
      "integrity": "sha512-tdkJaV453tezBxhF39r4oeG0A39sPKGDJmN81LYLf+Fihb7astzwju+u75BRmDrHZjZIv00un3razJEWCxze6g==",
      "license": "Apache-2.0",
      "dependencies": {
        "@polkadot/wasm-util": "7.4.1",
        "tslib": "^2.7.0"
      },
      "engines": {
        "node": ">=18"
      },
      "peerDependencies": {
        "@polkadot/util": "*",
        "@polkadot/x-randomvalues": "*"
      }
    },
    "node_modules/@polkadot/wasm-crypto": {
      "version": "7.4.1",
      "resolved": "https://registry.npmjs.org/@polkadot/wasm-crypto/-/wasm-crypto-7.4.1.tgz",
      "integrity": "sha512-kHN/kF7hYxm1y0WeFLWeWir6oTzvcFmR4N8fJJokR+ajYbdmrafPN+6iLgQVbhZnDdxyv9jWDuRRsDnBx8tPMQ==",
      "license": "Apache-2.0",
      "dependencies": {
        "@polkadot/wasm-bridge": "7.4.1",
        "@polkadot/wasm-crypto-asmjs": "7.4.1",
        "@polkadot/wasm-crypto-init": "7.4.1",
        "@polkadot/wasm-crypto-wasm": "7.4.1",
        "@polkadot/wasm-util": "7.4.1",
        "tslib": "^2.7.0"
      },
      "engines": {
        "node": ">=18"
      },
      "peerDependencies": {
        "@polkadot/util": "*",
        "@polkadot/x-randomvalues": "*"
      }
    },
    "node_modules/@polkadot/wasm-crypto-asmjs": {
      "version": "7.4.1",
      "resolved": "https://registry.npmjs.org/@polkadot/wasm-crypto-asmjs/-/wasm-crypto-asmjs-7.4.1.tgz",
      "integrity": "sha512-pwU8QXhUW7IberyHJIQr37IhbB6DPkCG5FhozCiNTq4vFBsFPjm9q8aZh7oX1QHQaiAZa2m2/VjIVE+FHGbvHQ==",
      "license": "Apache-2.0",
      "dependencies": {
        "tslib": "^2.7.0"
      },
      "engines": {
        "node": ">=18"
      },
      "peerDependencies": {
        "@polkadot/util": "*"
      }
    },
    "node_modules/@polkadot/wasm-crypto-init": {
      "version": "7.4.1",
      "resolved": "https://registry.npmjs.org/@polkadot/wasm-crypto-init/-/wasm-crypto-init-7.4.1.tgz",
      "integrity": "sha512-AVka33+f7MvXEEIGq5U0dhaA2SaXMXnxVCQyhJTaCnJ5bRDj0Xlm3ijwDEQUiaDql7EikbkkRtmlvs95eSUWYQ==",
      "license": "Apache-2.0",
      "dependencies": {
        "@polkadot/wasm-bridge": "7.4.1",
        "@polkadot/wasm-crypto-asmjs": "7.4.1",
        "@polkadot/wasm-crypto-wasm": "7.4.1",
        "@polkadot/wasm-util": "7.4.1",
        "tslib": "^2.7.0"
      },
      "engines": {
        "node": ">=18"
      },
      "peerDependencies": {
        "@polkadot/util": "*",
        "@polkadot/x-randomvalues": "*"
      }
    },
    "node_modules/@polkadot/wasm-crypto-wasm": {
      "version": "7.4.1",
      "resolved": "https://registry.npmjs.org/@polkadot/wasm-crypto-wasm/-/wasm-crypto-wasm-7.4.1.tgz",
      "integrity": "sha512-PE1OAoupFR0ZOV2O8tr7D1FEUAwaggzxtfs3Aa5gr+yxlSOaWUKeqsOYe1KdrcjmZVV3iINEAXxgrbzCmiuONg==",
      "license": "Apache-2.0",
      "dependencies": {
        "@polkadot/wasm-util": "7.4.1",
        "tslib": "^2.7.0"
      },
      "engines": {
        "node": ">=18"
      },
      "peerDependencies": {
        "@polkadot/util": "*"
      }
    },
    "node_modules/@polkadot/wasm-util": {
      "version": "7.4.1",
      "resolved": "https://registry.npmjs.org/@polkadot/wasm-util/-/wasm-util-7.4.1.tgz",
      "integrity": "sha512-RAcxNFf3zzpkr+LX/ItAsvj+QyM56TomJ0xjUMo4wKkHjwsxkz4dWJtx5knIgQz/OthqSDMR59VNEycQeNuXzA==",
      "license": "Apache-2.0",
      "dependencies": {
        "tslib": "^2.7.0"
      },
      "engines": {
        "node": ">=18"
      },
      "peerDependencies": {
        "@polkadot/util": "*"
      }
    },
    "node_modules/@polkadot/x-bigint": {
      "version": "11.1.3",
      "resolved": "https://registry.npmjs.org/@polkadot/x-bigint/-/x-bigint-11.1.3.tgz",
      "integrity": "sha512-fRUUHfW9VFsXT7sLUUY7gSu8v+PvzNLRwvjnp+Ly8vFx9LTLuVGFCi+mpysuRTaPpqZZJlzBJ3fST7xTGh67Pg==",
      "license": "Apache-2.0",
      "dependencies": {
        "@polkadot/x-global": "11.1.3",
        "tslib": "^2.5.0"
      },
      "engines": {
        "node": ">=14"
      }
    },
    "node_modules/@polkadot/x-fetch": {
      "version": "11.1.3",
      "resolved": "https://registry.npmjs.org/@polkadot/x-fetch/-/x-fetch-11.1.3.tgz",
      "integrity": "sha512-+Z0RxxsN7+l2ZmmDdHqOo0kgqvjXJ1bw8CwTVnq3t9nPgZKn2pC3Fq3xdj/sRWiLuf/UhgCxKfYfMmt5ek4kIg==",
      "license": "Apache-2.0",
      "dependencies": {
        "@polkadot/x-global": "11.1.3",
        "node-fetch": "^3.3.1",
        "tslib": "^2.5.0"
      },
      "engines": {
        "node": ">=14"
      }
    },
    "node_modules/@polkadot/x-global": {
      "version": "11.1.3",
      "resolved": "https://registry.npmjs.org/@polkadot/x-global/-/x-global-11.1.3.tgz",
      "integrity": "sha512-R3aqtIjgzFHJ3TyX6wavhp+59oLbZiqczIHkaas/nJe21+SVARqFmIII6BwS7ty7+8Uu4fHliA9re+ZSUp+rwg==",
      "license": "Apache-2.0",
      "dependencies": {
        "tslib": "^2.5.0"
      },
      "engines": {
        "node": ">=14"
      }
    },
    "node_modules/@polkadot/x-randomvalues": {
      "version": "11.1.3",
      "resolved": "https://registry.npmjs.org/@polkadot/x-randomvalues/-/x-randomvalues-11.1.3.tgz",
      "integrity": "sha512-kZjbRgxokMR9UTodZQKs6s3C/Q2YgeizcxpDCghM/VdvQUE8OVBGNzduF7SvBvQyg2Qbg8jMcSxXOY7UgcOWSg==",
      "license": "Apache-2.0",
      "dependencies": {
        "@polkadot/x-global": "11.1.3",
        "tslib": "^2.5.0"
      },
      "engines": {
        "node": ">=14"
      }
    },
    "node_modules/@polkadot/x-textdecoder": {
      "version": "11.0.1",
      "resolved": "https://registry.npmjs.org/@polkadot/x-textdecoder/-/x-textdecoder-11.0.1.tgz",
      "integrity": "sha512-uadRuBPGeZNDknOk9FQWgnzTiVE4tHmSl5cBO9g/UWurqbovme01rQGhgARp3x9jrRC0/3xxsAAR96VhPh1ftA==",
      "license": "Apache-2.0",
      "dependencies": {
        "@polkadot/x-global": "11.0.1",
        "tslib": "^2.5.0"
      },
      "engines": {
        "node": ">=14.0.0"
      }
    },
    "node_modules/@polkadot/x-textdecoder/node_modules/@polkadot/x-global": {
      "version": "11.0.1",
      "resolved": "https://registry.npmjs.org/@polkadot/x-global/-/x-global-11.0.1.tgz",
      "integrity": "sha512-K14xREFEH1OqFcoD8cabByuqarX0NRz/iUlYcUv2Xgs+CCk6xfgdjCbFFoTHH5bzNqIJrrEjAbOn3zL4Xm1W4g==",
      "license": "Apache-2.0",
      "dependencies": {
        "tslib": "^2.5.0"
      },
      "engines": {
        "node": ">=14.0.0"
      }
    },
    "node_modules/@polkadot/x-textencoder": {
      "version": "11.0.1",
      "resolved": "https://registry.npmjs.org/@polkadot/x-textencoder/-/x-textencoder-11.0.1.tgz",
      "integrity": "sha512-uzol/LRVxDQZNY/FLu0NpCsZLungIPdLG4FQjB4nBzJ1wW+z+AEuUHIVRJ87ohwikEB6yr20Prmz7g9kF4eB9g==",
      "license": "Apache-2.0",
      "dependencies": {
        "@polkadot/x-global": "11.0.1",
        "tslib": "^2.5.0"
      },
      "engines": {
        "node": ">=14.0.0"
      }
    },
    "node_modules/@polkadot/x-textencoder/node_modules/@polkadot/x-global": {
      "version": "11.0.1",
      "resolved": "https://registry.npmjs.org/@polkadot/x-global/-/x-global-11.0.1.tgz",
      "integrity": "sha512-K14xREFEH1OqFcoD8cabByuqarX0NRz/iUlYcUv2Xgs+CCk6xfgdjCbFFoTHH5bzNqIJrrEjAbOn3zL4Xm1W4g==",
      "license": "Apache-2.0",
      "dependencies": {
        "tslib": "^2.5.0"
      },
      "engines": {
        "node": ">=14.0.0"
      }
    },
    "node_modules/@polkadot/x-ws": {
      "version": "11.1.3",
      "resolved": "https://registry.npmjs.org/@polkadot/x-ws/-/x-ws-11.1.3.tgz",
      "integrity": "sha512-omNU2mIVX997HiHm2YxEdJdyCFnv+oTyKWZd0+FdS47rdfhVwD+H9/bS+rtQ9lIqfhODdGmw3fG//gq1KpYJcw==",
      "license": "Apache-2.0",
      "dependencies": {
        "@polkadot/x-global": "11.1.3",
        "tslib": "^2.5.0",
        "ws": "^8.13.0"
      },
      "engines": {
        "node": ">=14"
      }
    },
    "node_modules/@scure/base": {
      "version": "1.1.1",
      "resolved": "https://registry.npmjs.org/@scure/base/-/base-1.1.1.tgz",
      "integrity": "sha512-ZxOhsSyxYwLJj3pLZCefNitxsj093tb2vq90mp2txoYeBqbcjDjqFhyM8eUjq/uFm6zJ+mUuqxlS2FkuSY1MTA==",
      "funding": [
        {
          "type": "individual",
          "url": "https://paulmillr.com/funding/"
        }
      ],
      "license": "MIT"
    },
    "node_modules/@substrate/connect": {
      "version": "0.7.20",
      "resolved": "https://registry.npmjs.org/@substrate/connect/-/connect-0.7.20.tgz",
      "integrity": "sha512-f/sMgGUikJxDaNMkQXCU/1WaMy0MLJB+KS+P+CpsIhWyxj2dOcph5YXjAJiIlgrZqHImV28RJnraxXBD3AlmLQ==",
      "deprecated": "versions below 1.x are no longer maintained",
      "license": "GPL-3.0-only",
      "optional": true,
      "dependencies": {
        "@substrate/connect-extension-protocol": "^1.0.1",
        "eventemitter3": "^4.0.7",
        "smoldot": "0.7.11"
      }
    },
    "node_modules/@substrate/connect-extension-protocol": {
      "version": "1.0.1",
      "resolved": "https://registry.npmjs.org/@substrate/connect-extension-protocol/-/connect-extension-protocol-1.0.1.tgz",
      "integrity": "sha512-161JhCC1csjH3GE5mPLEd7HbWtwNSPJBg3p1Ksz9SFlTzj/bgEwudiRN2y5i0MoLGCIJRYKyKGMxVnd29PzNjg==",
      "license": "GPL-3.0-only",
      "optional": true
    },
    "node_modules/@substrate/connect/node_modules/eventemitter3": {
      "version": "4.0.7",
      "resolved": "https://registry.npmjs.org/eventemitter3/-/eventemitter3-4.0.7.tgz",
      "integrity": "sha512-8guHBZCwKnFhYdHr2ysuRWErTwhoN2X8XELRlrRwpmfeY2jjuUN4taQMsULKUVo1K4DvZl+0pgfyoysHxvmvEw==",
      "license": "MIT",
      "optional": true
    },
    "node_modules/@substrate/ss58-registry": {
      "version": "1.51.0",
      "resolved": "https://registry.npmjs.org/@substrate/ss58-registry/-/ss58-registry-1.51.0.tgz",
      "integrity": "sha512-TWDurLiPxndFgKjVavCniytBIw+t4ViOi7TYp9h/D0NMmkEc9klFTo+827eyEJ0lELpqO207Ey7uGxUa+BS1jQ==",
      "license": "Apache-2.0"
    },
    "node_modules/@types/bn.js": {
      "version": "5.1.6",
      "resolved": "https://registry.npmjs.org/@types/bn.js/-/bn.js-5.1.6.tgz",
      "integrity": "sha512-Xh8vSwUeMKeYYrj3cX4lGQgFSF/N03r+tv4AiLl1SucqV+uTQpxRcnM8AkXKHwYP9ZPXOYXRr2KPXpVlIvqh9w==",
      "license": "MIT",
      "dependencies": {
        "@types/node": "*"
      }
    },
    "node_modules/@types/node": {
      "version": "22.15.17",
      "resolved": "https://registry.npmjs.org/@types/node/-/node-22.15.17.tgz",
      "integrity": "sha512-wIX2aSZL5FE+MR0JlvF87BNVrtFWf6AE6rxSE9X7OwnVvoyCQjpzSRJ+M87se/4QCkCiebQAqrJ0y6fwIyi7nw==",
      "license": "MIT",
      "dependencies": {
        "undici-types": "~6.21.0"
      }
    },
    "node_modules/bn.js": {
      "version": "5.2.2",
      "resolved": "https://registry.npmjs.org/bn.js/-/bn.js-5.2.2.tgz",
      "integrity": "sha512-v2YAxEmKaBLahNwE1mjp4WON6huMNeuDvagFZW+ASCuA/ku0bXR9hSMw0XpiqMoA3+rmnyck/tPRSFQkoC9Cuw==",
      "license": "MIT"
    },
    "node_modules/data-uri-to-buffer": {
      "version": "4.0.1",
      "resolved": "https://registry.npmjs.org/data-uri-to-buffer/-/data-uri-to-buffer-4.0.1.tgz",
      "integrity": "sha512-0R9ikRb668HB7QDxT1vkpuUBtqc53YyAwMwGeUFKRojY/NWKvdZ+9UYtRfGmhqNbRkTSVpMbmyhXipFFv2cb/A==",
      "license": "MIT",
      "engines": {
        "node": ">= 12"
      }
    },
    "node_modules/debug": {
      "version": "4.4.0",
      "resolved": "https://registry.npmjs.org/debug/-/debug-4.4.0.tgz",
      "integrity": "sha512-6WTZ/IxCY/T6BALoZHaE4ctp9xm+Z5kY/pzYaCHRFeyVhojxlrm+46y68HA6hr0TcwEssoxNiDEUJQjfPZ/RYA==",
      "license": "MIT",
      "dependencies": {
        "ms": "^2.1.3"
      },
      "engines": {
        "node": ">=6.0"
      },
      "peerDependenciesMeta": {
        "supports-color": {
          "optional": true
        }
      }
    },
    "node_modules/eventemitter3": {
      "version": "5.0.1",
      "resolved": "https://registry.npmjs.org/eventemitter3/-/eventemitter3-5.0.1.tgz",
      "integrity": "sha512-GWkBvjiSZK87ELrYOSESUYeVIc9mvLLf/nXalMOS5dYrgZq9o5OVkbZAVM06CVxYsCwH9BDZFPlQTlPA1j4ahA==",
      "license": "MIT"
    },
    "node_modules/fetch-blob": {
      "version": "3.2.0",
      "resolved": "https://registry.npmjs.org/fetch-blob/-/fetch-blob-3.2.0.tgz",
      "integrity": "sha512-7yAQpD2UMJzLi1Dqv7qFYnPbaPx7ZfFK6PiIxQ4PfkGPyNyl2Ugx+a/umUonmKqjhM4DnfbMvdX6otXq83soQQ==",
      "funding": [
        {
          "type": "github",
          "url": "https://github.com/sponsors/jimmywarting"
        },
        {
          "type": "paypal",
          "url": "https://paypal.me/jimmywarting"
        }
      ],
      "license": "MIT",
      "dependencies": {
        "node-domexception": "^1.0.0",
        "web-streams-polyfill": "^3.0.3"
      },
      "engines": {
        "node": "^12.20 || >= 14.13"
      }
    },
    "node_modules/formdata-polyfill": {
      "version": "4.0.10",
      "resolved": "https://registry.npmjs.org/formdata-polyfill/-/formdata-polyfill-4.0.10.tgz",
      "integrity": "sha512-buewHzMvYL29jdeQTVILecSaZKnt/RJWjoZCF5OW60Z67/GmSLBkOFM7qh1PI3zFNtJbaZL5eQu1vLfazOwj4g==",
      "license": "MIT",
      "dependencies": {
        "fetch-blob": "^3.1.2"
      },
      "engines": {
        "node": ">=12.20.0"
      }
    },
    "node_modules/json-stringify-safe": {
      "version": "5.0.1",
      "resolved": "https://registry.npmjs.org/json-stringify-safe/-/json-stringify-safe-5.0.1.tgz",
      "integrity": "sha512-ZClg6AaYvamvYEE82d3Iyd3vSSIjQ+odgjaTzRuO3s7toCdFKczob2i0zCh7JE8kWn17yvAWhUVxvqGwUalsRA==",
      "license": "ISC"
    },
    "node_modules/mock-socket": {
      "version": "9.3.1",
      "resolved": "https://registry.npmjs.org/mock-socket/-/mock-socket-9.3.1.tgz",
      "integrity": "sha512-qxBgB7Qa2sEQgHFjj0dSigq7fX4k6Saisd5Nelwp2q8mlbAFh5dHV9JTTlF8viYJLSSWgMCZFUom8PJcMNBoJw==",
      "license": "MIT",
      "engines": {
        "node": ">= 8"
      }
    },
    "node_modules/ms": {
      "version": "2.1.3",
      "resolved": "https://registry.npmjs.org/ms/-/ms-2.1.3.tgz",
      "integrity": "sha512-6FlzubTLZG3J2a/NVCAleEhjzq5oxgHyaCU9yYXvcLsvoVaHJq/s5xXI6/XXP6tz7R9xAOtHnSO/tXtF3WRTlA==",
      "license": "MIT"
    },
    "node_modules/nock": {
      "version": "13.5.6",
      "resolved": "https://registry.npmjs.org/nock/-/nock-13.5.6.tgz",
      "integrity": "sha512-o2zOYiCpzRqSzPj0Zt/dQ/DqZeYoaQ7TUonc/xUPjCGl9WeHpNbxgVvOquXYAaJzI0M9BXV3HTzG0p8IUAbBTQ==",
      "license": "MIT",
      "dependencies": {
        "debug": "^4.1.0",
        "json-stringify-safe": "^5.0.1",
        "propagate": "^2.0.0"
      },
      "engines": {
        "node": ">= 10.13"
      }
    },
    "node_modules/node-domexception": {
      "version": "1.0.0",
      "resolved": "https://registry.npmjs.org/node-domexception/-/node-domexception-1.0.0.tgz",
      "integrity": "sha512-/jKZoMpw0F8GRwl4/eLROPA3cfcXtLApP0QzLmUT/HuPCZWyB7IY9ZrMeKw2O/nFIqPQB3PVM9aYm0F312AXDQ==",
      "deprecated": "Use your platform's native DOMException instead",
      "funding": [
        {
          "type": "github",
          "url": "https://github.com/sponsors/jimmywarting"
        },
        {
          "type": "github",
          "url": "https://paypal.me/jimmywarting"
        }
      ],
      "license": "MIT",
      "engines": {
        "node": ">=10.5.0"
      }
    },
    "node_modules/node-fetch": {
      "version": "3.3.2",
      "resolved": "https://registry.npmjs.org/node-fetch/-/node-fetch-3.3.2.tgz",
      "integrity": "sha512-dRB78srN/l6gqWulah9SrxeYnxeddIG30+GOqK/9OlLVyLg3HPnr6SqOWTWOXKRwC2eGYCkZ59NNuSgvSrpgOA==",
      "license": "MIT",
      "dependencies": {
        "data-uri-to-buffer": "^4.0.0",
        "fetch-blob": "^3.1.4",
        "formdata-polyfill": "^4.0.10"
      },
      "engines": {
        "node": "^12.20.0 || ^14.13.1 || >=16.0.0"
      },
      "funding": {
        "type": "opencollective",
        "url": "https://opencollective.com/node-fetch"
      }
    },
    "node_modules/pako": {
      "version": "2.1.0",
      "resolved": "https://registry.npmjs.org/pako/-/pako-2.1.0.tgz",
      "integrity": "sha512-w+eufiZ1WuJYgPXbV/PO3NCMEc3xqylkKHzp8bxp1uW4qaSNQUkwmLLEc3kKsfz8lpV1F8Ht3U1Cm+9Srog2ug==",
      "license": "(MIT AND Zlib)",
      "optional": true
    },
    "node_modules/propagate": {
      "version": "2.0.1",
      "resolved": "https://registry.npmjs.org/propagate/-/propagate-2.0.1.tgz",
      "integrity": "sha512-vGrhOavPSTz4QVNuBNdcNXePNdNMaO1xj9yBeH1ScQPjk/rhg9sSlCXPhMkFuaNNW/syTvYqsnbIJxMBfRbbag==",
      "license": "MIT",
      "engines": {
        "node": ">= 8"
      }
    },
    "node_modules/rxjs": {
      "version": "7.8.2",
      "resolved": "https://registry.npmjs.org/rxjs/-/rxjs-7.8.2.tgz",
      "integrity": "sha512-dhKf903U/PQZY6boNNtAGdWbG85WAbjT/1xYoZIC7FAY0yWapOBQVsVrDl58W86//e1VpMNBtRV4MaXfdMySFA==",
      "license": "Apache-2.0",
      "dependencies": {
        "tslib": "^2.1.0"
      }
    },
    "node_modules/smoldot": {
      "version": "0.7.11",
      "resolved": "https://registry.npmjs.org/smoldot/-/smoldot-0.7.11.tgz",
      "integrity": "sha512-aE1led154FJ2/jrXKv2HLKdNIyvYJG6H2ZmKYFS++kW1OAcTQ6idDy3fzAI1VdydLDYK0YbKUsj7SJDmrjsS3g==",
      "license": "GPL-3.0-or-later WITH Classpath-exception-2.0",
      "optional": true,
      "dependencies": {
        "pako": "^2.0.4",
        "ws": "^8.8.1"
      }
    },
    "node_modules/tslib": {
      "version": "2.8.1",
      "resolved": "https://registry.npmjs.org/tslib/-/tslib-2.8.1.tgz",
      "integrity": "sha512-oJFu94HQb+KVduSUQL7wnpmqnfmLsOA/nAh6b6EH0wCEoK0/mPeXU6c3wKDV83MkOuHPRHtSXKKU99IBazS/2w==",
      "license": "0BSD"
    },
    "node_modules/tweetnacl": {
      "version": "1.0.3",
      "resolved": "https://registry.npmjs.org/tweetnacl/-/tweetnacl-1.0.3.tgz",
      "integrity": "sha512-6rt+RN7aOi1nGMyC4Xa5DdYiukl2UWCbcJft7YhxReBGQD7OAM8Pbxw6YMo4r2diNEA8FEmu32YOn9rhaiE5yw==",
      "license": "Unlicense"
    },
    "node_modules/undici-types": {
      "version": "6.21.0",
      "resolved": "https://registry.npmjs.org/undici-types/-/undici-types-6.21.0.tgz",
      "integrity": "sha512-iwDZqg0QAGrg9Rav5H4n0M64c3mkR59cJ6wQp+7C4nI0gsmExaedaYLNO44eT4AtBBwjbTiGPMlt2Md0T9H9JQ==",
      "license": "MIT"
    },
    "node_modules/web-streams-polyfill": {
      "version": "3.3.3",
      "resolved": "https://registry.npmjs.org/web-streams-polyfill/-/web-streams-polyfill-3.3.3.tgz",
      "integrity": "sha512-d2JWLCivmZYTSIoge9MsgFCZrt571BikcWGYkjC1khllbTeDlGqZ2D8vD8E/lJa8WGWbb7Plm8/XJYV7IJHZZw==",
      "license": "MIT",
      "engines": {
        "node": ">= 8"
      }
    },
    "node_modules/ws": {
      "version": "8.18.2",
      "resolved": "https://registry.npmjs.org/ws/-/ws-8.18.2.tgz",
      "integrity": "sha512-DMricUmwGZUVr++AEAe2uiVM7UoO9MAVZMDu05UQOaUII0lp+zOzLLU4Xqh/JvTqklB1T4uELaaPBKyjE1r4fQ==",
      "license": "MIT",
      "engines": {
        "node": ">=10.0.0"
      },
      "peerDependencies": {
        "bufferutil": "^4.0.1",
        "utf-8-validate": ">=5.0.2"
      },
      "peerDependenciesMeta": {
        "bufferutil": {
          "optional": true
        },
        "utf-8-validate": {
          "optional": true
        }
      }
    }
  }
}
