# THIS IS AN AUTOGENERATED FILE. DO NOT EDIT THIS FILE DIRECTLY.
# yarn lockfile v1


"@babel/runtime@^7.17.8":
  version "7.25.7"
  resolved "https://registry.yarnpkg.com/@babel/runtime/-/runtime-7.25.7.tgz#7ffb53c37a8f247c8c4d335e89cdf16a2e0d0fb6"
  integrity sha512-FjoyLe754PMiYsFaN5C94ttGiOmBNYTf6pLr4xXHAT5uctHb092PBszndLDR5XA/jghQvn4n7JMHl7dmTgbm9w==
  dependencies:
    regenerator-runtime "^0.14.0"

"@noble/hashes@1.0.0":
  version "1.0.0"
  resolved "https://registry.yarnpkg.com/@noble/hashes/-/hashes-1.0.0.tgz#d5e38bfbdaba174805a4e649f13be9a9ed3351ae"
  integrity sha512-DZVbtY62kc3kkBtMHqwCOfXrT/hnoORy5BJ4+HU1IR59X0KWAOqsfzQPcUl/lQLlG7qXbe/fZ3r/emxtAl+sqg==

"@noble/secp256k1@1.5.5":
  version "1.5.5"
  resolved "https://registry.yarnpkg.com/@noble/secp256k1/-/secp256k1-1.5.5.tgz#315ab5745509d1a8c8e90d0bdf59823ccf9bcfc3"
  integrity sha512-sZ1W6gQzYnu45wPrWx8D3kwI2/U29VYTx9OjbDAd7jwRItJ0cSTMPRL/C8AWZFn9kWFLQGqEXVEE86w4Z8LpIQ==

"@polkadot/networks@8.7.1":
  version "8.7.1"
  resolved "https://registry.yarnpkg.com/@polkadot/networks/-/networks-8.7.1.tgz#26c2ec6158c985bb77c510d98a3ab1c7e049f89c"
  integrity sha512-8xAmhDW0ry5EKcEjp6VTuwoTm0DdDo/zHsmx88P6sVL87gupuFsL+B6TrsYLl8GcaqxujwrOlKB+CKTUg7qFKg==
  dependencies:
    "@babel/runtime" "^7.17.8"
    "@polkadot/util" "8.7.1"
    "@substrate/ss58-registry" "^1.17.0"

"@polkadot/util-crypto@^8.1.1":
  version "8.7.1"
  resolved "https://registry.yarnpkg.com/@polkadot/util-crypto/-/util-crypto-8.7.1.tgz#f9fcca2895b5f160ce1c2faa0aa3054cc7aa4655"
  integrity sha512-TaSuJ2aNrB5sYK7YXszkEv24nYJKRFqjF2OrggoMg6uYxUAECvTkldFnhtgeizMweRMxJIBu6bMHlSIutbWgjw==
  dependencies:
    "@babel/runtime" "^7.17.8"
    "@noble/hashes" "1.0.0"
    "@noble/secp256k1" "1.5.5"
    "@polkadot/networks" "8.7.1"
    "@polkadot/util" "8.7.1"
    "@polkadot/wasm-crypto" "^5.1.1"
    "@polkadot/x-bigint" "8.7.1"
    "@polkadot/x-randomvalues" "8.7.1"
    "@scure/base" "1.0.0"
    ed2curve "^0.3.0"
    tweetnacl "^1.0.3"

"@polkadot/util@8.7.1":
  version "8.7.1"
  resolved "https://registry.yarnpkg.com/@polkadot/util/-/util-8.7.1.tgz#27fe93bf7b8345276f10cfe9c0380510cd4584f6"
  integrity sha512-XjY1bTo7V6OvOCe4yn8H2vifeuBciCy0gq0k5P1tlGUQLI/Yt0hvDmxcA0FEPtqg8CL+rYRG7WXGPVNjkrNvyQ==
  dependencies:
    "@babel/runtime" "^7.17.8"
    "@polkadot/x-bigint" "8.7.1"
    "@polkadot/x-global" "8.7.1"
    "@polkadot/x-textdecoder" "8.7.1"
    "@polkadot/x-textencoder" "8.7.1"
    "@types/bn.js" "^5.1.0"
    bn.js "^5.2.0"
    ip-regex "^4.3.0"

"@polkadot/wasm-crypto-asmjs@^5.1.1":
  version "5.1.1"
  resolved "https://registry.yarnpkg.com/@polkadot/wasm-crypto-asmjs/-/wasm-crypto-asmjs-5.1.1.tgz#6648e9c6f627501f61aef570e110022f2be1eff2"
  integrity sha512-1WBwc2G3pZMKW1T01uXzKE30Sg22MXmF3RbbZiWWk3H2d/Er4jZQRpjumxO5YGWan+xOb7HQQdwnrUnrPgbDhg==
  dependencies:
    "@babel/runtime" "^7.17.8"

"@polkadot/wasm-crypto-wasm@^5.1.1":
  version "5.1.1"
  resolved "https://registry.yarnpkg.com/@polkadot/wasm-crypto-wasm/-/wasm-crypto-wasm-5.1.1.tgz#dc371755a05fe93f87a2754a2bcf1ff42e4bb541"
  integrity sha512-F9PZ30J2S8vUNl2oY7Myow5Xsx5z5uNVpnNlJwlmY8IXBvyucvyQ4HSdhJsrbs4W1BfFc0mHghxgp0FbBCnf/Q==
  dependencies:
    "@babel/runtime" "^7.17.8"

"@polkadot/wasm-crypto@^5.1.1":
  version "5.1.1"
  resolved "https://registry.yarnpkg.com/@polkadot/wasm-crypto/-/wasm-crypto-5.1.1.tgz#d1f8a0da631028ba904c374c1e8496ab3ba4636b"
  integrity sha512-JCcAVfH8DhYuEyd4oX1ouByxhou0TvpErKn8kHjtzt7+tRoFi0nzWlmK4z49vszsV3JJgXxV81i10C0BYlwTcQ==
  dependencies:
    "@babel/runtime" "^7.17.8"
    "@polkadot/wasm-crypto-asmjs" "^5.1.1"
    "@polkadot/wasm-crypto-wasm" "^5.1.1"

"@polkadot/x-bigint@8.7.1":
  version "8.7.1"
  resolved "https://registry.yarnpkg.com/@polkadot/x-bigint/-/x-bigint-8.7.1.tgz#a496225def32e98c430c76b91c1579f48acf501a"
  integrity sha512-ClkhgdB/KqcAKk3zA6Qw8wBL6Wz67pYTPkrAtImpvoPJmR+l4RARauv+MH34JXMUNlNb3aUwqN6lq2Z1zN+mJg==
  dependencies:
    "@babel/runtime" "^7.17.8"
    "@polkadot/x-global" "8.7.1"

"@polkadot/x-global@8.7.1":
  version "8.7.1"
  resolved "https://registry.yarnpkg.com/@polkadot/x-global/-/x-global-8.7.1.tgz#b972044125a4fe059f4aef7c15a4e22d18179095"
  integrity sha512-WOgUor16IihgNVdiTVGAWksYLUAlqjmODmIK1cuWrLOZtV1VBomWcb3obkO9sh5P6iWziAvCB/i+L0vnTN9ZCA==
  dependencies:
    "@babel/runtime" "^7.17.8"

"@polkadot/x-randomvalues@8.7.1":
  version "8.7.1"
  resolved "https://registry.yarnpkg.com/@polkadot/x-randomvalues/-/x-randomvalues-8.7.1.tgz#b7cc358c2a6d20f7e7798d45d1d5c7ac8c9ab4f2"
  integrity sha512-njt17MlfN6yNyNEti7fL12lr5qM6A1aSGkWKVuqzc7XwSBesifJuW4km5u6r2gwhXjH2eHDv9SoQ7WXu8vrrkg==
  dependencies:
    "@babel/runtime" "^7.17.8"
    "@polkadot/x-global" "8.7.1"

"@polkadot/x-textdecoder@8.7.1":
  version "8.7.1"
  resolved "https://registry.yarnpkg.com/@polkadot/x-textdecoder/-/x-textdecoder-8.7.1.tgz#b706ef98d5a033d02c633009fb8dab4a4f9d7d55"
  integrity sha512-ia0Ie2zi4VdQdNVD2GE2FZzBMfX//hEL4w546RMJfZM2LqDS674LofHmcyrsv5zscLnnRyCxZC1+J2dt+6MDIA==
  dependencies:
    "@babel/runtime" "^7.17.8"
    "@polkadot/x-global" "8.7.1"

"@polkadot/x-textencoder@8.7.1":
  version "8.7.1"
  resolved "https://registry.yarnpkg.com/@polkadot/x-textencoder/-/x-textencoder-8.7.1.tgz#7820e30081e8e0a607c1c27b9e3486d82d1a723e"
  integrity sha512-XDO0A27Xy+eJCKSxENroB8Dcnl+UclGG4ZBei+P/BqZ9rsjskUyd2Vsl6peMXAcsxwOE7g0uTvujoGM8jpKOXw==
  dependencies:
    "@babel/runtime" "^7.17.8"
    "@polkadot/x-global" "8.7.1"

"@scure/base@1.0.0":
  version "1.0.0"
  resolved "https://registry.yarnpkg.com/@scure/base/-/base-1.0.0.tgz#109fb595021de285f05a7db6806f2f48296fcee7"
  integrity sha512-gIVaYhUsy+9s58m/ETjSJVKHhKTBMmcRb9cEV5/5dwvfDlfORjKrFsDeDHWRrm6RjcPvCLZFwGJjAjLj1gg4HA==

"@substrate/ss58-registry@^1.17.0":
  version "1.51.0"
  resolved "https://registry.yarnpkg.com/@substrate/ss58-registry/-/ss58-registry-1.51.0.tgz#39e0341eb4069c2d3e684b93f0d8cb0bec572383"
  integrity sha512-TWDurLiPxndFgKjVavCniytBIw+t4ViOi7TYp9h/D0NMmkEc9klFTo+827eyEJ0lELpqO207Ey7uGxUa+BS1jQ==

"@types/bn.js@^5.1.0":
  version "5.1.6"
  resolved "https://registry.yarnpkg.com/@types/bn.js/-/bn.js-5.1.6.tgz#9ba818eec0c85e4d3c679518428afdf611d03203"
  integrity sha512-Xh8vSwUeMKeYYrj3cX4lGQgFSF/N03r+tv4AiLl1SucqV+uTQpxRcnM8AkXKHwYP9ZPXOYXRr2KPXpVlIvqh9w==
  dependencies:
    "@types/node" "*"

"@types/node@*":
  version "15.6.2"
  resolved "https://registry.yarnpkg.com/@types/node/-/node-15.6.2.tgz#c61d49f38af70da32424b5322eee21f97e627175"
  integrity sha512-dxcOx8801kMo3KlU+C+/ctWrzREAH7YvoF3aoVpRdqgs+Kf7flp+PJDN/EX5bME3suDUZHsxes9hpvBmzYlWbA==

bn.js@^5.2.0:
  version "5.2.1"
  resolved "https://registry.yarnpkg.com/bn.js/-/bn.js-5.2.1.tgz#0bc527a6a0d18d0aa8d5b0538ce4a77dccfa7b70"
  integrity sha512-eXRvHzWyYPBuB4NBy0cmYQjGitUrtqwbvlzP3G6VFnNRbsZQIxQ10PbKKHt8gZ/HW/D/747aDl+QkDqg3KQLMQ==

ed2curve@^0.3.0:
  version "0.3.0"
  resolved "https://registry.yarnpkg.com/ed2curve/-/ed2curve-0.3.0.tgz#322b575152a45305429d546b071823a93129a05d"
  integrity sha512-8w2fmmq3hv9rCrcI7g9hms2pMunQr1JINfcjwR9tAyZqhtyaMN991lF/ZfHfr5tzZQ8c7y7aBgZbjfbd0fjFwQ==
  dependencies:
    tweetnacl "1.x.x"

ip-regex@^4.3.0:
  version "4.3.0"
  resolved "https://registry.yarnpkg.com/ip-regex/-/ip-regex-4.3.0.tgz#687275ab0f57fa76978ff8f4dddc8a23d5990db5"
  integrity sha512-B9ZWJxHHOHUhUjCPrMpLD4xEq35bUTClHM1S6CBU5ixQnkZmwipwgc96vAd7AAGM9TGHvJR+Uss+/Ak6UphK+Q==

regenerator-runtime@^0.14.0:
  version "0.14.1"
  resolved "https://registry.yarnpkg.com/regenerator-runtime/-/regenerator-runtime-0.14.1.tgz#356ade10263f685dda125100cd862c1db895327f"
  integrity sha512-dYnhHh0nJoMfnkZs6GmmhFknAGRrLznOu5nc9ML+EJxGvrx6H7teuevqVqCuPcPK//3eDrrjQhehXVx9cnkGdw==

tweetnacl@1.x.x, tweetnacl@^1.0.3:
  version "1.0.3"
  resolved "https://registry.yarnpkg.com/tweetnacl/-/tweetnacl-1.0.3.tgz#ac0af71680458d8a6378d0d0d050ab1407d35596"
  integrity sha512-6rt+RN7aOi1nGMyC4Xa5DdYiukl2UWCbcJft7YhxReBGQD7OAM8Pbxw6YMo4r2diNEA8FEmu32YOn9rhaiE5yw==
