# THIS IS AN AUTOGENERATED FILE. DO NOT EDIT THIS FILE DIRECTLY.
# yarn lockfile v1


"@noble/hashes@1.3.0":
  version "1.3.0"
  resolved "https://registry.yarnpkg.com/@noble/hashes/-/hashes-1.3.0.tgz#085fd70f6d7d9d109671090ccae1d3bec62554a1"
  integrity sha512-ilHEACi9DwqJB0pw7kv+Apvh50jiiSyR/cQ3y4W7lOR5mhvn/50FLUfsnfJz0BDZtl/RR16kXvptiv6q1msYZg==

"@noble/secp256k1@1.7.1":
  version "1.7.1"
  resolved "https://registry.yarnpkg.com/@noble/secp256k1/-/secp256k1-1.7.1.tgz#b251c70f824ce3ca7f8dc3df08d58f005cc0507c"
  integrity sha512-hOUk6AyBFmqVrv7k5WAw/LpszxVbj9gGN4JRkIX52fdFAj1UA61KXmZDvqVEm+pOyec3+fIeZB02LYa/pWOArw==

"@polkadot/networks@11.1.3":
  version "11.1.3"
  resolved "https://registry.yarnpkg.com/@polkadot/networks/-/networks-11.1.3.tgz#e113c98269328267962c2047dccca4d2790cc8a5"
  integrity sha512-goLpX9SswAGGeh1jXB79wHEfWOF5rLIItMHYalujBmhQVxyAqbxP2tzQqPQXDLcnkWbgwkyYGLXaDD72GBqHZw==
  dependencies:
    "@polkadot/util" "11.1.3"
    "@substrate/ss58-registry" "^1.39.0"
    tslib "^2.5.0"

"@polkadot/util-crypto@^11.0.1":
  version "11.1.3"
  resolved "https://registry.yarnpkg.com/@polkadot/util-crypto/-/util-crypto-11.1.3.tgz#c3b166f8f8934a2139c8cfb31af50dae53a9d985"
  integrity sha512-hjH1y6jXQuceJ2NWx7+ei0sR4A7t844XwlNquPxZX3kQbQS+1t6tO4Eo3/95JhPsEaJOXduus02cYEF6gteEYQ==
  dependencies:
    "@noble/hashes" "1.3.0"
    "@noble/secp256k1" "1.7.1"
    "@polkadot/networks" "11.1.3"
    "@polkadot/util" "11.1.3"
    "@polkadot/wasm-crypto" "^7.0.3"
    "@polkadot/x-bigint" "11.1.3"
    "@polkadot/x-randomvalues" "11.1.3"
    "@scure/base" "1.1.1"
    tslib "^2.5.0"
    tweetnacl "^1.0.3"

"@polkadot/util@11.1.3":
  version "11.1.3"
  resolved "https://registry.yarnpkg.com/@polkadot/util/-/util-11.1.3.tgz#dcdc4504f7c31e6104e7970903d8c1998f3858ef"
  integrity sha512-Gsqzv1/fSoypS5tnJkM+NJQeT7O4iYlSniubUJnaZVOKsIbueTS1bMQ1y3/h8ISxbKBtICW5cZ6zCej6Q/jC3w==
  dependencies:
    "@polkadot/x-bigint" "11.1.3"
    "@polkadot/x-global" "11.1.3"
    "@polkadot/x-textdecoder" "11.1.3"
    "@polkadot/x-textencoder" "11.1.3"
    "@types/bn.js" "^5.1.1"
    bn.js "^5.2.1"
    tslib "^2.5.0"

"@polkadot/wasm-bridge@7.4.1":
  version "7.4.1"
  resolved "https://registry.yarnpkg.com/@polkadot/wasm-bridge/-/wasm-bridge-7.4.1.tgz#dd59ebb7c425657aad64b1430e8455d14d935059"
  integrity sha512-tdkJaV453tezBxhF39r4oeG0A39sPKGDJmN81LYLf+Fihb7astzwju+u75BRmDrHZjZIv00un3razJEWCxze6g==
  dependencies:
    "@polkadot/wasm-util" "7.4.1"
    tslib "^2.7.0"

"@polkadot/wasm-crypto-asmjs@7.4.1":
  version "7.4.1"
  resolved "https://registry.yarnpkg.com/@polkadot/wasm-crypto-asmjs/-/wasm-crypto-asmjs-7.4.1.tgz#5d36f3f498077f826f2bbe742070574606e673e9"
  integrity sha512-pwU8QXhUW7IberyHJIQr37IhbB6DPkCG5FhozCiNTq4vFBsFPjm9q8aZh7oX1QHQaiAZa2m2/VjIVE+FHGbvHQ==
  dependencies:
    tslib "^2.7.0"

"@polkadot/wasm-crypto-init@7.4.1":
  version "7.4.1"
  resolved "https://registry.yarnpkg.com/@polkadot/wasm-crypto-init/-/wasm-crypto-init-7.4.1.tgz#88bc61c9473a7c39d9fafb27cd631215b053b836"
  integrity sha512-AVka33+f7MvXEEIGq5U0dhaA2SaXMXnxVCQyhJTaCnJ5bRDj0Xlm3ijwDEQUiaDql7EikbkkRtmlvs95eSUWYQ==
  dependencies:
    "@polkadot/wasm-bridge" "7.4.1"
    "@polkadot/wasm-crypto-asmjs" "7.4.1"
    "@polkadot/wasm-crypto-wasm" "7.4.1"
    "@polkadot/wasm-util" "7.4.1"
    tslib "^2.7.0"

"@polkadot/wasm-crypto-wasm@7.4.1":
  version "7.4.1"
  resolved "https://registry.yarnpkg.com/@polkadot/wasm-crypto-wasm/-/wasm-crypto-wasm-7.4.1.tgz#73d08f59aaf51ed70563c0099e7852fdeda03649"
  integrity sha512-PE1OAoupFR0ZOV2O8tr7D1FEUAwaggzxtfs3Aa5gr+yxlSOaWUKeqsOYe1KdrcjmZVV3iINEAXxgrbzCmiuONg==
  dependencies:
    "@polkadot/wasm-util" "7.4.1"
    tslib "^2.7.0"

"@polkadot/wasm-crypto@^7.0.3":
  version "7.4.1"
  resolved "https://registry.yarnpkg.com/@polkadot/wasm-crypto/-/wasm-crypto-7.4.1.tgz#6d5f94d28bf92ef234b94d55b0d1f4299cbbb7b7"
  integrity sha512-kHN/kF7hYxm1y0WeFLWeWir6oTzvcFmR4N8fJJokR+ajYbdmrafPN+6iLgQVbhZnDdxyv9jWDuRRsDnBx8tPMQ==
  dependencies:
    "@polkadot/wasm-bridge" "7.4.1"
    "@polkadot/wasm-crypto-asmjs" "7.4.1"
    "@polkadot/wasm-crypto-init" "7.4.1"
    "@polkadot/wasm-crypto-wasm" "7.4.1"
    "@polkadot/wasm-util" "7.4.1"
    tslib "^2.7.0"

"@polkadot/wasm-util@7.4.1":
  version "7.4.1"
  resolved "https://registry.yarnpkg.com/@polkadot/wasm-util/-/wasm-util-7.4.1.tgz#e8cea38a3b752efdef55080bb1da795ac71c5136"
  integrity sha512-RAcxNFf3zzpkr+LX/ItAsvj+QyM56TomJ0xjUMo4wKkHjwsxkz4dWJtx5knIgQz/OthqSDMR59VNEycQeNuXzA==
  dependencies:
    tslib "^2.7.0"

"@polkadot/x-bigint@11.1.3":
  version "11.1.3"
  resolved "https://registry.yarnpkg.com/@polkadot/x-bigint/-/x-bigint-11.1.3.tgz#37b09a12a9ed6df704e047e261f1b8b2ac978497"
  integrity sha512-fRUUHfW9VFsXT7sLUUY7gSu8v+PvzNLRwvjnp+Ly8vFx9LTLuVGFCi+mpysuRTaPpqZZJlzBJ3fST7xTGh67Pg==
  dependencies:
    "@polkadot/x-global" "11.1.3"
    tslib "^2.5.0"

"@polkadot/x-global@11.1.3":
  version "11.1.3"
  resolved "https://registry.yarnpkg.com/@polkadot/x-global/-/x-global-11.1.3.tgz#4086694f52373fea63910b62da999bf0981d7d86"
  integrity sha512-R3aqtIjgzFHJ3TyX6wavhp+59oLbZiqczIHkaas/nJe21+SVARqFmIII6BwS7ty7+8Uu4fHliA9re+ZSUp+rwg==
  dependencies:
    tslib "^2.5.0"

"@polkadot/x-randomvalues@11.1.3":
  version "11.1.3"
  resolved "https://registry.yarnpkg.com/@polkadot/x-randomvalues/-/x-randomvalues-11.1.3.tgz#48dde21012aa4eef3bd00d46f545861727fb6618"
  integrity sha512-kZjbRgxokMR9UTodZQKs6s3C/Q2YgeizcxpDCghM/VdvQUE8OVBGNzduF7SvBvQyg2Qbg8jMcSxXOY7UgcOWSg==
  dependencies:
    "@polkadot/x-global" "11.1.3"
    tslib "^2.5.0"

"@polkadot/x-textdecoder@11.1.3":
  version "11.1.3"
  resolved "https://registry.yarnpkg.com/@polkadot/x-textdecoder/-/x-textdecoder-11.1.3.tgz#1d1e2aa86e47587393a6acb74a086ab97d62058d"
  integrity sha512-NhOjuXVfYRMw9l0VhCtZOtcWefZth58p5KpVOrFyJZd12fTsoMO5/746K7QoAjWRrLQTJ/LHCEKCtWww0LwVPw==
  dependencies:
    "@polkadot/x-global" "11.1.3"
    tslib "^2.5.0"

"@polkadot/x-textencoder@11.1.3":
  version "11.1.3"
  resolved "https://registry.yarnpkg.com/@polkadot/x-textencoder/-/x-textencoder-11.1.3.tgz#ba7621b636dcfa6ca4ab6176a6a52eef15904a72"
  integrity sha512-7DmqjlPN8aQexLUKwoHeadihpUnW8hjpXEru+aEDxjgq9XIxPvb++NeBK+Mra9RzzZRuiT/K5z16HlwKN//ewg==
  dependencies:
    "@polkadot/x-global" "11.1.3"
    tslib "^2.5.0"

"@scure/base@1.1.1":
  version "1.1.1"
  resolved "https://registry.yarnpkg.com/@scure/base/-/base-1.1.1.tgz#ebb651ee52ff84f420097055f4bf46cfba403938"
  integrity sha512-ZxOhsSyxYwLJj3pLZCefNitxsj093tb2vq90mp2txoYeBqbcjDjqFhyM8eUjq/uFm6zJ+mUuqxlS2FkuSY1MTA==

"@substrate/ss58-registry@^1.39.0":
  version "1.51.0"
  resolved "https://registry.yarnpkg.com/@substrate/ss58-registry/-/ss58-registry-1.51.0.tgz#39e0341eb4069c2d3e684b93f0d8cb0bec572383"
  integrity sha512-TWDurLiPxndFgKjVavCniytBIw+t4ViOi7TYp9h/D0NMmkEc9klFTo+827eyEJ0lELpqO207Ey7uGxUa+BS1jQ==

"@types/bn.js@^5.1.1":
  version "5.1.6"
  resolved "https://registry.yarnpkg.com/@types/bn.js/-/bn.js-5.1.6.tgz#9ba818eec0c85e4d3c679518428afdf611d03203"
  integrity sha512-Xh8vSwUeMKeYYrj3cX4lGQgFSF/N03r+tv4AiLl1SucqV+uTQpxRcnM8AkXKHwYP9ZPXOYXRr2KPXpVlIvqh9w==
  dependencies:
    "@types/node" "*"

"@types/node@*":
  version "15.6.2"
  resolved "https://registry.yarnpkg.com/@types/node/-/node-15.6.2.tgz#c61d49f38af70da32424b5322eee21f97e627175"
  integrity sha512-dxcOx8801kMo3KlU+C+/ctWrzREAH7YvoF3aoVpRdqgs+Kf7flp+PJDN/EX5bME3suDUZHsxes9hpvBmzYlWbA==

bn.js@^5.2.1:
  version "5.2.2"
  resolved "https://registry.yarnpkg.com/bn.js/-/bn.js-5.2.2.tgz#82c09f9ebbb17107cd72cb7fd39bd1f9d0aaa566"
  integrity sha512-v2YAxEmKaBLahNwE1mjp4WON6huMNeuDvagFZW+ASCuA/ku0bXR9hSMw0XpiqMoA3+rmnyck/tPRSFQkoC9Cuw==

tslib@^2.5.0, tslib@^2.7.0:
  version "2.8.1"
  resolved "https://registry.yarnpkg.com/tslib/-/tslib-2.8.1.tgz#612efe4ed235d567e8aba5f2a5fab70280ade83f"
  integrity sha512-oJFu94HQb+KVduSUQL7wnpmqnfmLsOA/nAh6b6EH0wCEoK0/mPeXU6c3wKDV83MkOuHPRHtSXKKU99IBazS/2w==

tweetnacl@^1.0.3:
  version "1.0.3"
  resolved "https://registry.yarnpkg.com/tweetnacl/-/tweetnacl-1.0.3.tgz#ac0af71680458d8a6378d0d0d050ab1407d35596"
  integrity sha512-6rt+RN7aOi1nGMyC4Xa5DdYiukl2UWCbcJft7YhxReBGQD7OAM8Pbxw6YMo4r2diNEA8FEmu32YOn9rhaiE5yw==
